// !$*UTF8*$!
{
	archiveVersion = 1;
	classes = {
	};
	objectVersion = 50;
	objects = {

/* Begin PBXBuildFile section */
		3C4D00DC22CEF1E200D3EB40 /* AppDelegate.swift in Sources */ = {isa = PBXBuildFile; fileRef = 3C4D00DB22CEF1E200D3EB40 /* AppDelegate.swift */; };
		3C4D00DE22CEF1E200D3EB40 /* ViewController.swift in Sources */ = {isa = PBXBuildFile; fileRef = 3C4D00DD22CEF1E200D3EB40 /* ViewController.swift */; };
		3C4D00E122CEF1E200D3EB40 /* Main.storyboard in Resources */ = {isa = PBXBuildFile; fileRef = 3C4D00DF22CEF1E200D3EB40 /* Main.storyboard */; };
		3C4D00E322CEF1E600D3EB40 /* Assets.xcassets in Resources */ = {isa = PBXBuildFile; fileRef = 3C4D00E222CEF1E600D3EB40 /* Assets.xcassets */; };
		3C4D00E622CEF1E600D3EB40 /* LaunchScreen.storyboard in Resources */ = {isa = PBXBuildFile; fileRef = 3C4D00E422CEF1E600D3EB40 /* LaunchScreen.storyboard */; };
		3C4D00F122CEF1E700D3EB40 /* ImageSizeAfterTransformDemoTests.swift in Sources */ = {isa = PBXBuildFile; fileRef = 3C4D00F022CEF1E700D3EB40 /* ImageSizeAfterTransformDemoTests.swift */; };
/* End PBXBuildFile section */

/* Begin PBXContainerItemProxy section */
		3C4D00ED22CEF1E700D3EB40 /* PBXContainerItemProxy */ = {
			isa = PBXContainerItemProxy;
			containerPortal = 3C4D00D022CEF1E200D3EB40 /* Project object */;
			proxyType = 1;
			remoteGlobalIDString = 3C4D00D722CEF1E200D3EB40;
			remoteInfo = ImageSizeAfterTransformDemo;
		};
/* End PBXContainerItemProxy section */

/* Begin PBXFileReference section */
		3C4D00D822CEF1E200D3EB40 /* ImageSizeAfterTransformDemo.app */ = {isa = PBXFileReference; explicitFileType = wrapper.application; includeInIndex = 0; path = ImageSizeAfterTransformDemo.app; sourceTree = BUILT_PRODUCTS_DIR; };
		3C4D00DB22CEF1E200D3EB40 /* AppDelegate.swift */ = {isa = PBXFileReference; lastKnownFileType = sourcecode.swift; path = AppDelegate.swift; sourceTree = "<group>"; };
		3C4D00DD22CEF1E200D3EB40 /* ViewController.swift */ = {isa = PBXFileReference; lastKnownFileType = sourcecode.swift; path = ViewController.swift; sourceTree = "<group>"; };
		3C4D00E022CEF1E200D3EB40 /* Base */ = {isa = PBXFileReference; lastKnownFileType = file.storyboard; name = Base; path = Base.lproj/Main.storyboard; sourceTree = "<group>"; };
		3C4D00E222CEF1E600D3EB40 /* Assets.xcassets */ = {isa = PBXFileReference; lastKnownFileType = folder.assetcatalog; path = Assets.xcassets; sourceTree = "<group>"; };
		3C4D00E522CEF1E600D3EB40 /* Base */ = {isa = PBXFileReference; lastKnownFileType = file.storyboard; name = Base; path = Base.lproj/LaunchScreen.storyboard; sourceTree = "<group>"; };
		3C4D00E722CEF1E600D3EB40 /* Info.plist */ = {isa = PBXFileReference; lastKnownFileType = text.plist.xml; path = Info.plist; sourceTree = "<group>"; };
		3C4D00EC22CEF1E700D3EB40 /* ImageSizeAfterTransformDemoTests.xctest */ = {isa = PBXFileReference; explicitFileType = wrapper.cfbundle; includeInIndex = 0; path = ImageSizeAfterTransformDemoTests.xctest; sourceTree = BUILT_PRODUCTS_DIR; };
		3C4D00F022CEF1E700D3EB40 /* ImageSizeAfterTransformDemoTests.swift */ = {isa = PBXFileReference; lastKnownFileType = sourcecode.swift; path = ImageSizeAfterTransformDemoTests.swift; sourceTree = "<group>"; };
		3C4D00F222CEF1E700D3EB40 /* Info.plist */ = {isa = PBXFileReference; lastKnownFileType = text.plist.xml; path = Info.plist; sourceTree = "<group>"; };
/* End PBXFileReference section */

/* Begin PBXFrameworksBuildPhase section */
		3C4D00D522CEF1E200D3EB40 /* Frameworks */ = {
			isa = PBXFrameworksBuildPhase;
			buildActionMask = 2147483647;
			files = (
			);
			runOnlyForDeploymentPostprocessing = 0;
		};
		3C4D00E922CEF1E700D3EB40 /* Frameworks */ = {
			isa = PBXFrameworksBuildPhase;
			buildActionMask = 2147483647;
			files = (
			);
			runOnlyForDeploymentPostprocessing = 0;
		};
/* End PBXFrameworksBuildPhase section */

/* Begin PBXGroup section */
		3C4D00CF22CEF1E200D3EB40 = {
			isa = PBXGroup;
			children = (
				3C4D00DA22CEF1E200D3EB40 /* ImageSizeAfterTransformDemo */,
				3C4D00EF22CEF1E700D3EB40 /* ImageSizeAfterTransformDemoTests */,
				3C4D00D922CEF1E200D3EB40 /* Products */,
			);
			sourceTree = "<group>";
		};
		3C4D00D922CEF1E200D3EB40 /* Products */ = {
			isa = PBXGroup;
			children = (
				3C4D00D822CEF1E200D3EB40 /* ImageSizeAfterTransformDemo.app */,
				3C4D00EC22CEF1E700D3EB40 /* ImageSizeAfterTransformDemoTests.xctest */,
			);
			name = Products;
			sourceTree = "<group>";
		};
		3C4D00DA22CEF1E200D3EB40 /* ImageSizeAfterTransformDemo */ = {
			isa = PBXGroup;
			children = (
				3C4D00DB22CEF1E200D3EB40 /* AppDelegate.swift */,
				3C4D00DD22CEF1E200D3EB40 /* ViewController.swift */,
				3C4D00DF22CEF1E200D3EB40 /* Main.storyboard */,
				3C4D00E222CEF1E600D3EB40 /* Assets.xcassets */,
				3C4D00E422CEF1E600D3EB40 /* LaunchScreen.storyboard */,
				3C4D00E722CEF1E600D3EB40 /* Info.plist */,
			);
			path = ImageSizeAfterTransformDemo;
			sourceTree = "<group>";
		};
		3C4D00EF22CEF1E700D3EB40 /* ImageSizeAfterTransformDemoTests */ = {
			isa = PBXGroup;
			children = (
				3C4D00F022CEF1E700D3EB40 /* ImageSizeAfterTransformDemoTests.swift */,
				3C4D00F222CEF1E700D3EB40 /* Info.plist */,
			);
			path = ImageSizeAfterTransformDemoTests;
			sourceTree = "<group>";
		};
/* End PBXGroup section */

/* Begin PBXNativeTarget section */
		3C4D00D722CEF1E200D3EB40 /* ImageSizeAfterTransformDemo */ = {
			isa = PBXNativeTarget;
			buildConfigurationList = 3C4D00F522CEF1E700D3EB40 /* Build configuration list for PBXNativeTarget "ImageSizeAfterTransformDemo" */;
			buildPhases = (
				3C4D00D422CEF1E200D3EB40 /* Sources */,
				3C4D00D522CEF1E200D3EB40 /* Frameworks */,
				3C4D00D622CEF1E200D3EB40 /* Resources */,
			);
			buildRules = (
			);
			dependencies = (
			);
			name = ImageSizeAfterTransformDemo;
			productName = ImageSizeAfterTransformDemo;
			productReference = 3C4D00D822CEF1E200D3EB40 /* ImageSizeAfterTransformDemo.app */;
			productType = "com.apple.product-type.application";
		};
		3C4D00EB22CEF1E700D3EB40 /* ImageSizeAfterTransformDemoTests */ = {
			isa = PBXNativeTarget;
			buildConfigurationList = 3C4D00F822CEF1E700D3EB40 /* Build configuration list for PBXNativeTarget "ImageSizeAfterTransformDemoTests" */;
			buildPhases = (
				3C4D00E822CEF1E700D3EB40 /* Sources */,
				3C4D00E922CEF1E700D3EB40 /* Frameworks */,
				3C4D00EA22CEF1E700D3EB40 /* Resources */,
			);
			buildRules = (
			);
			dependencies = (
				3C4D00EE22CEF1E700D3EB40 /* PBXTargetDependency */,
			);
			name = ImageSizeAfterTransformDemoTests;
			productName = ImageSizeAfterTransformDemoTests;
			productReference = 3C4D00EC22CEF1E700D3EB40 /* ImageSizeAfterTransformDemoTests.xctest */;
			productType = "com.apple.product-type.bundle.unit-test";
		};
/* End PBXNativeTarget section */

/* Begin PBXProject section */
		3C4D00D022CEF1E200D3EB40 /* Project object */ = {
			isa = PBXProject;
			attributes = {
				LastSwiftUpdateCheck = 1010;
				LastUpgradeCheck = 1010;
				ORGANIZATIONNAME = nullLuli;
				TargetAttributes = {
					3C4D00D722CEF1E200D3EB40 = {
						CreatedOnToolsVersion = 10.1;
					};
					3C4D00EB22CEF1E700D3EB40 = {
						CreatedOnToolsVersion = 10.1;
						TestTargetID = 3C4D00D722CEF1E200D3EB40;
					};
				};
			};
			buildConfigurationList = 3C4D00D322CEF1E200D3EB40 /* Build configuration list for PBXProject "ImageSizeAfterTransformDemo" */;
			compatibilityVersion = "Xcode 9.3";
			developmentRegion = en;
			hasScannedForEncodings = 0;
			knownRegions = (
				en,
				Base,
			);
			mainGroup = 3C4D00CF22CEF1E200D3EB40;
			productRefGroup = 3C4D00D922CEF1E200D3EB40 /* Products */;
			projectDirPath = "";
			projectRoot = "";
			targets = (
				3C4D00D722CEF1E200D3EB40 /* ImageSizeAfterTransformDemo */,
				3C4D00EB22CEF1E700D3EB40 /* ImageSizeAfterTransformDemoTests */,
			);
		};
/* End PBXProject section */

/* Begin PBXResourcesBuildPhase section */
		3C4D00D622CEF1E200D3EB40 /* Resources */ = {
			isa = PBXResourcesBuildPhase;
			buildActionMask = 2147483647;
			files = (
				3C4D00E622CEF1E600D3EB40 /* LaunchScreen.storyboard in Resources */,
				3C4D00E322CEF1E600D3EB40 /* Assets.xcassets in Resources */,
				3C4D00E122CEF1E200D3EB40 /* Main.storyboard in Resources */,
			);
			runOnlyForDeploymentPostprocessing = 0;
		};
		3C4D00EA22CEF1E700D3EB40 /* Resources */ = {
			isa = PBXResourcesBuildPhase;
			buildActionMask = 2147483647;
			files = (
			);
			runOnlyForDeploymentPostprocessing = 0;
		};
/* End PBXResourcesBuildPhase section */

/* Begin PBXSourcesBuildPhase section */
		3C4D00D422CEF1E200D3EB40 /* Sources */ = {
			isa = PBXSourcesBuildPhase;
			buildActionMask = 2147483647;
			files = (
				3C4D00DE22CEF1E200D3EB40 /* ViewController.swift in Sources */,
				3C4D00DC22CEF1E200D3EB40 /* AppDelegate.swift in Sources */,
			);
			runOnlyForDeploymentPostprocessing = 0;
		};
		3C4D00E822CEF1E700D3EB40 /* Sources */ = {
			isa = PBXSourcesBuildPhase;
			buildActionMask = 2147483647;
			files = (
				3C4D00F122CEF1E700D3EB40 /* ImageSizeAfterTransformDemoTests.swift in Sources */,
			);
			runOnlyForDeploymentPostprocessing = 0;
		};
/* End PBXSourcesBuildPhase section */

/* Begin PBXTargetDependency section */
		3C4D00EE22CEF1E700D3EB40 /* PBXTargetDependency */ = {
			isa = PBXTargetDependency;
			target = 3C4D00D722CEF1E200D3EB40 /* ImageSizeAfterTransformDemo */;
			targetProxy = 3C4D00ED22CEF1E700D3EB40 /* PBXContainerItemProxy */;
		};
/* End PBXTargetDependency section */

/* Begin PBXVariantGroup section */
		3C4D00DF22CEF1E200D3EB40 /* Main.storyboard */ = {
			isa = PBXVariantGroup;
			children = (
				3C4D00E022CEF1E200D3EB40 /* Base */,
			);
			name = Main.storyboard;
			sourceTree = "<group>";
		};
		3C4D00E422CEF1E600D3EB40 /* LaunchScreen.storyboard */ = {
			isa = PBXVariantGroup;
			children = (
				3C4D00E522CEF1E600D3EB40 /* Base */,
			);
			name = LaunchScreen.storyboard;
			sourceTree = "<group>";
		};
/* End PBXVariantGroup section */

/* Begin XCBuildConfiguration section */
		3C4D00F322CEF1E700D3EB40 /* Debug */ = {
			isa = XCBuildConfiguration;
			buildSettings = {
				ALWAYS_SEARCH_USER_PATHS = NO;
				CLANG_ANALYZER_NONNULL = YES;
				CLANG_ANALYZER_NUMBER_OBJECT_CONVERSION = YES_AGGRESSIVE;
				CLANG_CXX_LANGUAGE_STANDARD = "gnu++14";
				CLANG_CXX_LIBRARY = "libc++";
				CLANG_ENABLE_MODULES = YES;
				CLANG_ENABLE_OBJC_ARC = YES;
				CLANG_ENABLE_OBJC_WEAK = YES;
				CLANG_WARN_BLOCK_CAPTURE_AUTORELEASING = YES;
				CLANG_WARN_BOOL_CONVERSION = YES;
				CLANG_WARN_COMMA = YES;
				CLANG_WARN_CONSTANT_CONVERSION = YES;
				CLANG_WARN_DEPRECATED_OBJC_IMPLEMENTATIONS = YES;
				CLANG_WARN_DIRECT_OBJC_ISA_USAGE = YES_ERROR;
				CLANG_WARN_DOCUMENTATION_COMMENTS = YES;
				CLANG_WARN_EMPTY_BODY = YES;
				CLANG_WARN_ENUM_CONVERSION = YES;
				CLANG_WARN_INFINITE_RECURSION = YES;
				CLANG_WARN_INT_CONVERSION = YES;
				CLANG_WARN_NON_LITERAL_NULL_CONVERSION = YES;
				CLANG_WARN_OBJC_IMPLICIT_RETAIN_SELF = YES;
				CLANG_WARN_OBJC_LITERAL_CONVERSION = YES;
				CLANG_WARN_OBJC_ROOT_CLASS = YES_ERROR;
				CLANG_WARN_RANGE_LOOP_ANALYSIS = YES;
				CLANG_WARN_STRICT_PROTOTYPES = YES;
				CLANG_WARN_SUSPICIOUS_MOVE = YES;
				CLANG_WARN_UNGUARDED_AVAILABILITY = YES_AGGRESSIVE;
				CLANG_WARN_UNREACHABLE_CODE = YES;
				CLANG_WARN__DUPLICATE_METHOD_MATCH = YES;
				CODE_SIGN_IDENTITY = "iPhone Developer";
				COPY_PHASE_STRIP = NO;
				DEBUG_INFORMATION_FORMAT = dwarf;
				ENABLE_STRICT_OBJC_MSGSEND = YES;
				ENABLE_TESTABILITY = YES;
				GCC_C_LANGUAGE_STANDARD = gnu11;
				GCC_DYNAMIC_NO_PIC = NO;
				GCC_NO_COMMON_BLOCKS = YES;
				GCC_OPTIMIZATION_LEVEL = 0;
				GCC_PREPROCESSOR_DEFINITIONS = (
					"DEBUG=1",
					"$(inherited)",
				);
				GCC_WARN_64_TO_32_BIT_CONVERSION = YES;
				GCC_WARN_ABOUT_RETURN_TYPE = YES_ERROR;
				GCC_WARN_UNDECLARED_SELECTOR = YES;
				GCC_WARN_UNINITIALIZED_AUTOS = YES_AGGRESSIVE;
				GCC_WARN_UNUSED_FUNCTION = YES;
				GCC_WARN_UNUSED_VARIABLE = YES;
				IPHONEOS_DEPLOYMENT_TARGET = 12.1;
				MTL_ENABLE_DEBUG_INFO = INCLUDE_SOURCE;
				MTL_FAST_MATH = YES;
				ONLY_ACTIVE_ARCH = YES;
				SDKROOT = iphoneos;
				SWIFT_ACTIVE_COMPILATION_CONDITIONS = DEBUG;
				SWIFT_OPTIMIZATION_LEVEL = "-Onone";
			};
			name = Debug;
		};
		3C4D00F422CEF1E700D3EB40 /* Release */ = {
			isa = XCBuildConfiguration;
			buildSettings = {
				ALWAYS_SEARCH_USER_PATHS = NO;
				CLANG_ANALYZER_NONNULL = YES;
				CLANG_ANALYZER_NUMBER_OBJECT_CONVERSION = YES_AGGRESSIVE;
				CLANG_CXX_LANGUAGE_STANDARD = "gnu++14";
				CLANG_CXX_LIBRARY = "libc++";
				CLANG_ENABLE_MODULES = YES;
				CLANG_ENABLE_OBJC_ARC = YES;
				CLANG_ENABLE_OBJC_WEAK = YES;
				CLANG_WARN_BLOCK_CAPTURE_AUTORELEASING = YES;
				CLANG_WARN_BOOL_CONVERSION = YES;
				CLANG_WARN_COMMA = YES;
				CLANG_WARN_CONSTANT_CONVERSION = YES;
				CLANG_WARN_DEPRECATED_OBJC_IMPLEMENTATIONS = YES;
				CLANG_WARN_DIRECT_OBJC_ISA_USAGE = YES_ERROR;
				CLANG_WARN_DOCUMENTATION_COMMENTS = YES;
				CLANG_WARN_EMPTY_BODY = YES;
				CLANG_WARN_ENUM_CONVERSION = YES;
				CLANG_WARN_INFINITE_RECURSION = YES;
				CLANG_WARN_INT_CONVERSION = YES;
				CLANG_WARN_NON_LITERAL_NULL_CONVERSION = YES;
				CLANG_WARN_OBJC_IMPLICIT_RETAIN_SELF = YES;
				CLANG_WARN_OBJC_LITERAL_CONVERSION = YES;
				CLANG_WARN_OBJC_ROOT_CLASS = YES_ERROR;
				CLANG_WARN_RANGE_LOOP_ANALYSIS = YES;
				CLANG_WARN_STRICT_PROTOTYPES = YES;
				CLANG_WARN_SUSPICIOUS_MOVE = YES;
				CLANG_WARN_UNGUARDED_AVAILABILITY = YES_AGGRESSIVE;
				CLANG_WARN_UNREACHABLE_CODE = YES;
				CLANG_WARN__DUPLICATE_METHOD_MATCH = YES;
				CODE_SIGN_IDENTITY = "iPhone Developer";
				COPY_PHASE_STRIP = NO;
				DEBUG_INFORMATION_FORMAT = "dwarf-with-dsym";
				ENABLE_NS_ASSERTIONS = NO;
				ENABLE_STRICT_OBJC_MSGSEND = YES;
				GCC_C_LANGUAGE_STANDARD = gnu11;
				GCC_NO_COMMON_BLOCKS = YES;
				GCC_WARN_64_TO_32_BIT_CONVERSION = YES;
				GCC_WARN_ABOUT_RETURN_TYPE = YES_ERROR;
				GCC_WARN_UNDECLARED_SELECTOR = YES;
				GCC_WARN_UNINITIALIZED_AUTOS = YES_AGGRESSIVE;
				GCC_WARN_UNUSED_FUNCTION = YES;
				GCC_WARN_UNUSED_VARIABLE = YES;
				IPHONEOS_DEPLOYMENT_TARGET = 12.1;
				MTL_ENABLE_DEBUG_INFO = NO;
				MTL_FAST_MATH = YES;
				SDKROOT = iphoneos;
				SWIFT_COMPILATION_MODE = wholemodule;
				SWIFT_OPTIMIZATION_LEVEL = "-O";
				VALIDATE_PRODUCT = YES;
			};
			name = Release;
		};
		3C4D00F622CEF1E700D3EB40 /* Debug */ = {
			isa = XCBuildConfiguration;
			buildSettings = {
				ASSETCATALOG_COMPILER_APPICON_NAME = AppIcon;
				CODE_SIGN_STYLE = Automatic;
				DEVELOPMENT_TEAM = W567PZ7SQ2;
				INFOPLIST_FILE = ImageSizeAfterTransformDemo/Info.plist;
				LD_RUNPATH_SEARCH_PATHS = (
					"$(inherited)",
					"@executable_path/Frameworks",
				);
				PRODUCT_BUNDLE_IDENTIFIER = "www.jianshu.com-u-d471dca73ae9.ImageSizeAfterTransformDemo";
				PRODUCT_NAME = "$(TARGET_NAME)";
				SWIFT_VERSION = 4.2;
				TARGETED_DEVICE_FAMILY = "1,2";
			};
			name = Debug;
		};
		3C4D00F722CEF1E700D3EB40 /* Release */ = {
			isa = XCBuildConfiguration;
			buildSettings = {
				ASSETCATALOG_COMPILER_APPICON_NAME = AppIcon;
				CODE_SIGN_STYLE = Automatic;
				DEVELOPMENT_TEAM = W567PZ7SQ2;
				INFOPLIST_FILE = ImageSizeAfterTransformDemo/Info.plist;
				LD_RUNPATH_SEARCH_PATHS = (
					"$(inherited)",
					"@executable_path/Frameworks",
				);
				PRODUCT_BUNDLE_IDENTIFIER = "www.jianshu.com-u-d471dca73ae9.ImageSizeAfterTransformDemo";
				PRODUCT_NAME = "$(TARGET_NAME)";
				SWIFT_VERSION = 4.2;
				TARGETED_DEVICE_FAMILY = "1,2";
			};
			name = Release;
		};
		3C4D00F922CEF1E700D3EB40 /* Debug */ = {
			isa = XCBuildConfiguration;
			buildSettings = {
				ALWAYS_EMBED_SWIFT_STANDARD_LIBRARIES = YES;
				BUNDLE_LOADER = "$(TEST_HOST)";
				CODE_SIGN_STYLE = Automatic;
				DEVELOPMENT_TEAM = W567PZ7SQ2;
				INFOPLIST_FILE = ImageSizeAfterTransformDemoTests/Info.plist;
				LD_RUNPATH_SEARCH_PATHS = (
					"$(inherited)",
					"@executable_path/Frameworks",
					"@loader_path/Frameworks",
				);
				PRODUCT_BUNDLE_IDENTIFIER = "www.jianshu.com-u-d471dca73ae9.ImageSizeAfterTransformDemoTests";
				PRODUCT_NAME = "$(TARGET_NAME)";
				SWIFT_VERSION = 4.2;
				TARGETED_DEVICE_FAMILY = "1,2";
				TEST_HOST = "$(BUILT_PRODUCTS_DIR)/ImageSizeAfterTransformDemo.app/ImageSizeAfterTransformDemo";
			};
			name = Debug;
		};
		3C4D00FA22CEF1E700D3EB40 /* Release */ = {
			isa = XCBuildConfiguration;
			buildSettings = {
				ALWAYS_EMBED_SWIFT_STANDARD_LIBRARIES = YES;
				BUNDLE_LOADER = "$(TEST_HOST)";
				CODE_SIGN_STYLE = Automatic;
				DEVELOPMENT_TEAM = W567PZ7SQ2;
				INFOPLIST_FILE = ImageSizeAfterTransformDemoTests/Info.plist;
				LD_RUNPATH_SEARCH_PATHS = (
					"$(inherited)",
					"@executable_path/Frameworks",
					"@loader_path/Frameworks",
				);
				PRODUCT_BUNDLE_IDENTIFIER = "www.jianshu.com-u-d471dca73ae9.ImageSizeAfterTransformDemoTests";
				PRODUCT_NAME = "$(TARGET_NAME)";
				SWIFT_VERSION = 4.2;
				TARGETED_DEVICE_FAMILY = "1,2";
				TEST_HOST = "$(BUILT_PRODUCTS_DIR)/ImageSizeAfterTransformDemo.app/ImageSizeAfterTransformDemo";
			};
			name = Release;
		};
/* End XCBuildConfiguration section */

/* Begin XCConfigurationList section */
		3C4D00D322CEF1E200D3EB40 /* Build configuration list for PBXProject "ImageSizeAfterTransformDemo" */ = {
			isa = XCConfigurationList;
			buildConfigurations = (
				3C4D00F322CEF1E700D3EB40 /* Debug */,
				3C4D00F422CEF1E700D3EB40 /* Release */,
			);
			defaultConfigurationIsVisible = 0;
			defaultConfigurationName = Release;
		};
		3C4D00F522CEF1E700D3EB40 /* Build configuration list for PBXNativeTarget "ImageSizeAfterTransformDemo" */ = {
			isa = XCConfigurationList;
			buildConfigurations = (
				3C4D00F622CEF1E700D3EB40 /* Debug */,
				3C4D00F722CEF1E700D3EB40 /* Release */,
			);
			defaultConfigurationIsVisible = 0;
			defaultConfigurationName = Release;
		};
		3C4D00F822CEF1E700D3EB40 /* Build configuration list for PBXNativeTarget "ImageSizeAfterTransformDemoTests" */ = {
			isa = XCConfigurationList;
			buildConfigurations = (
				3C4D00F922CEF1E700D3EB40 /* Debug */,
				3C4D00FA22CEF1E700D3EB40 /* Release */,
			);
			defaultConfigurationIsVisible = 0;
			defaultConfigurationName = Release;
		};
/* End XCConfigurationList section */
	};
	rootObject = 3C4D00D022CEF1E200D3EB40 /* Project object */;
}
